
Microsoft Visual Studio Solution File, Format Version 12.00
# Visual Studio 15
Project("{FAE04EC0-301F-11D3-BF4B-00C04F79EFBC}") = "GameDeveloperKit.Runtime", "GameDeveloperKit.Runtime.csproj", "{9B41D7C5-719F-7605-C67D-56AE7FE10B2D}"
EndProject
Project("{FAE04EC0-301F-11D3-BF4B-00C04F79EFBC}") = "UnitySkills.Editor", "UnitySkills.Editor.csproj", "{62332250-CE6C-CAA9-8BB6-BC8E28BC6349}"
EndProject
Project("{FAE04EC0-301F-11D3-BF4B-00C04F79EFBC}") = "GameDeveloperKit.Event.SourceGenerator", "GameDeveloperKit.Event.SourceGenerator\GameDeveloperKit.Event.SourceGenerator.csproj", "{DBAF20BE-92AD-5CD4-7371-FFA5E6687A6E}"
EndProject
Global
	GlobalSection(SolutionConfigurationPlatforms) = preSolution
		Debug|Any CPU = Debug|Any CPU
		Release|Any CPU = Release|Any CPU
	EndGlobalSection
	GlobalSection(ProjectConfigurationPlatforms) = postSolution
		{9B41D7C5-719F-7605-C67D-56AE7FE10B2D}.Debug|Any CPU.ActiveCfg = Debug|Any CPU
		{9B41D7C5-719F-7605-C67D-56AE7FE10B2D}.Debug|Any CPU.Build.0 = Debug|Any CPU
		{9B41D7C5-719F-7605-C67D-56AE7FE10B2D}.Release|Any CPU.ActiveCfg = Release|Any CPU
		{9B41D7C5-719F-7605-C67D-56AE7FE10B2D}.Release|Any CPU.Build.0 = Release|Any CPU
		{62332250-CE6C-CAA9-8BB6-BC8E28BC6349}.Debug|Any CPU.ActiveCfg = Debug|Any CPU
		{62332250-CE6C-CAA9-8BB6-BC8E28BC6349}.Debug|Any CPU.Build.0 = Debug|Any CPU
		{62332250-CE6C-CAA9-8BB6-BC8E28BC6349}.Release|Any CPU.ActiveCfg = Release|Any CPU
		{62332250-CE6C-CAA9-8BB6-BC8E28BC6349}.Release|Any CPU.Build.0 = Release|Any CPU
		{DBAF20BE-92AD-5CD4-7371-FFA5E6687A6E}.Debug|Any CPU.ActiveCfg = Debug|Any CPU
		{DBAF20BE-92AD-5CD4-7371-FFA5E6687A6E}.Debug|Any CPU.Build.0 = Debug|Any CPU
		{DBAF20BE-92AD-5CD4-7371-FFA5E6687A6E}.Release|Any CPU.ActiveCfg = Release|Any CPU
		{DBAF20BE-92AD-5CD4-7371-FFA5E6687A6E}.Release|Any CPU.Build.0 = Release|Any CPU
	EndGlobalSection
	GlobalSection(SolutionProperties) = preSolution
		HideSolutionNode = FALSE
	EndGlobalSection
EndGlobal
